
Microsoft Visual Studio Solution File, Format Version 12.00
# Visual Studio Version 17
VisualStudioVersion = 17.3.32825.248
MinimumVisualStudioVersion = 10.0.40219.1
Project("{FAE04EC0-301F-11D3-BF4B-00C04F79EFBC}") = "exercise 0", "exercise 0.csproj", "{DA15F4C4-9FB4-44E7-A5BE-485D65FFB93D}"
EndProject
Global
	GlobalSection(SolutionConfigurationPlatforms) = preSolution
		Debug|Any CPU = Debug|Any CPU
		Release|Any CPU = Release|Any CPU
	EndGlobalSection
	GlobalSection(ProjectConfigurationPlatforms) = postSolution
		{DA15F4C4-9FB4-44E7-A5BE-485D65FFB93D}.Debug|Any CPU.ActiveCfg = Debug|Any CPU
		{DA15F4C4-9FB4-44E7-A5BE-485D65FFB93D}.Debug|Any CPU.Build.0 = Debug|Any CPU
		{DA15F4C4-9FB4-44E7-A5BE-485D65FFB93D}.Release|Any CPU.ActiveCfg = Release|Any CPU
		{DA15F4C4-9FB4-44E7-A5BE-485D65FFB93D}.Release|Any CPU.Build.0 = Release|Any CPU
	EndGlobalSection
	GlobalSection(SolutionProperties) = preSolution
		HideSolutionNode = FALSE
	EndGlobalSection
	GlobalSection(ExtensibilityGlobals) = postSolution
		SolutionGuid = {1510D998-96EA-4956-9A3B-10FB045F1338}
	EndGlobalSection
EndGlobal
